
Microsoft Visual Studio Solution File, Format Version 12.00
# Visual Studio Version 17
VisualStudioVersion = 17.3.32901.215
MinimumVisualStudioVersion = 10.0.40219.1
Project("{8BC9CEB8-8B4A-11D0-8D11-00A0C91BC942}") = "set", "set\set.vcxproj", "{B576B5B8-234F-4924-B827-F5DC31A9188A}"
EndProject
Global
	GlobalSection(SolutionConfigurationPlatforms) = preSolution
		Debug|x64 = Debug|x64
		Debug|x86 = Debug|x86
		Release|x64 = Release|x64
		Release|x86 = Release|x86
	EndGlobalSection
	GlobalSection(ProjectConfigurationPlatforms) = postSolution
		{B576B5B8-234F-4924-B827-F5DC31A9188A}.Debug|x64.ActiveCfg = Debug|x64
		{B576B5B8-234F-4924-B827-F5DC31A9188A}.Debug|x64.Build.0 = Debug|x64
		{B576B5B8-234F-4924-B827-F5DC31A9188A}.Debug|x86.ActiveCfg = Debug|Win32
		{B576B5B8-234F-4924-B827-F5DC31A9188A}.Debug|x86.Build.0 = Debug|Win32
		{B576B5B8-234F-4924-B827-F5DC31A9188A}.Release|x64.ActiveCfg = Release|x64
		{B576B5B8-234F-4924-B827-F5DC31A9188A}.Release|x64.Build.0 = Release|x64
		{B576B5B8-234F-4924-B827-F5DC31A9188A}.Release|x86.ActiveCfg = Release|Win32
		{B576B5B8-234F-4924-B827-F5DC31A9188A}.Release|x86.Build.0 = Release|Win32
	EndGlobalSection
	GlobalSection(SolutionProperties) = preSolution
		HideSolutionNode = FALSE
	EndGlobalSection
	GlobalSection(ExtensibilityGlobals) = postSolution
		SolutionGuid = {7E631316-397B-48CE-8893-7600DD42D591}
	EndGlobalSection
EndGlobal
